Microsoft Visual Studio Solution File, Format Version 12.00
# Visual Studio Version 17
VisualStudioVersion = 17.5.2.0
MinimumVisualStudioVersion = 10.0.40219.1
Project("{FAE04EC0-301F-11D3-BF4B-00C04F79EFBC}") = "tse-backend", "tse-backend.csproj", "{B26CE0FA-01A3-97F4-A8D9-6C456CF649FE}"
EndProject
Global
	GlobalSection(SolutionConfigurationPlatforms) = preSolution
		Debug|Any CPU = Debug|Any CPU
		Release|Any CPU = Release|Any CPU
	EndGlobalSection
	GlobalSection(ProjectConfigurationPlatforms) = postSolution
		{B26CE0FA-01A3-97F4-A8D9-6C456CF649FE}.Debug|Any CPU.ActiveCfg = Debug|Any CPU
		{B26CE0FA-01A3-97F4-A8D9-6C456CF649FE}.Debug|Any CPU.Build.0 = Debug|Any CPU
		{B26CE0FA-01A3-97F4-A8D9-6C456CF649FE}.Release|Any CPU.ActiveCfg = Release|Any CPU
		{B26CE0FA-01A3-97F4-A8D9-6C456CF649FE}.Release|Any CPU.Build.0 = Release|Any CPU
	EndGlobalSection
	GlobalSection(SolutionProperties) = preSolution
		HideSolutionNode = FALSE
	EndGlobalSection
	GlobalSection(ExtensibilityGlobals) = postSolution
		SolutionGuid = {D3E5EFDF-7FDE-42BE-B45D-5471C0ACAC2D}
	EndGlobalSection
EndGlobal
